
Microsoft Visual Studio Solution File, Format Version 12.00
# Visual Studio Version 16
VisualStudioVersion = 16.0.31105.61
MinimumVisualStudioVersion = 10.0.40219.1
Project("{FAE04EC0-301F-11D3-BF4B-00C04F79EFBC}") = "MvcTicariOtomasyon", "MvcTicariOtomasyon\MvcTicariOtomasyon.csproj", "{1C42D4C8-B0E3-4748-B95E-9C015DEAF637}"
EndProject
Global
	GlobalSection(SolutionConfigurationPlatforms) = preSolution
		Debug|Any CPU = Debug|Any CPU
		Release|Any CPU = Release|Any CPU
	EndGlobalSection
	GlobalSection(ProjectConfigurationPlatforms) = postSolution
		{1C42D4C8-B0E3-4748-B95E-9C015DEAF637}.Debug|Any CPU.ActiveCfg = Debug|Any CPU
		{1C42D4C8-B0E3-4748-B95E-9C015DEAF637}.Debug|Any CPU.Build.0 = Debug|Any CPU
		{1C42D4C8-B0E3-4748-B95E-9C015DEAF637}.Release|Any CPU.ActiveCfg = Release|Any CPU
		{1C42D4C8-B0E3-4748-B95E-9C015DEAF637}.Release|Any CPU.Build.0 = Release|Any CPU
	EndGlobalSection
	GlobalSection(SolutionProperties) = preSolution
		HideSolutionNode = FALSE
	EndGlobalSection
	GlobalSection(ExtensibilityGlobals) = postSolution
		SolutionGuid = {69A7B644-E61A-4A53-8091-E869DDF82CCB}
	EndGlobalSection
EndGlobal
